
Microsoft Visual Studio Solution File, Format Version 12.00
# Visual Studio Version 17
VisualStudioVersion = 17.4.33205.214
MinimumVisualStudioVersion = 10.0.40219.1
Project("{9A19103F-16F7-4668-BE54-9A1E7A4F7556}") = "BravoMarket.MVC", "BravoMarket.MVC\BravoMarket.MVC.csproj", "{6F831823-D4D1-4E20-A393-075DC1A1A723}"
EndProject
Project("{9A19103F-16F7-4668-BE54-9A1E7A4F7556}") = "BravoMarket.DAL", "BravoMarket.DAL\BravoMarket.DAL.csproj", "{470CD9F4-1606-4EF4-9D30-B052E11286A6}"
EndProject
Global
	GlobalSection(SolutionConfigurationPlatforms) = preSolution
		Debug|Any CPU = Debug|Any CPU
		Release|Any CPU = Release|Any CPU
	EndGlobalSection
	GlobalSection(ProjectConfigurationPlatforms) = postSolution
		{6F831823-D4D1-4E20-A393-075DC1A1A723}.Debug|Any CPU.ActiveCfg = Debug|Any CPU
		{6F831823-D4D1-4E20-A393-075DC1A1A723}.Debug|Any CPU.Build.0 = Debug|Any CPU
		{6F831823-D4D1-4E20-A393-075DC1A1A723}.Release|Any CPU.ActiveCfg = Release|Any CPU
		{6F831823-D4D1-4E20-A393-075DC1A1A723}.Release|Any CPU.Build.0 = Release|Any CPU
		{470CD9F4-1606-4EF4-9D30-B052E11286A6}.Debug|Any CPU.ActiveCfg = Debug|Any CPU
		{470CD9F4-1606-4EF4-9D30-B052E11286A6}.Debug|Any CPU.Build.0 = Debug|Any CPU
		{470CD9F4-1606-4EF4-9D30-B052E11286A6}.Release|Any CPU.ActiveCfg = Release|Any CPU
		{470CD9F4-1606-4EF4-9D30-B052E11286A6}.Release|Any CPU.Build.0 = Release|Any CPU
	EndGlobalSection
	GlobalSection(SolutionProperties) = preSolution
		HideSolutionNode = FALSE
	EndGlobalSection
	GlobalSection(ExtensibilityGlobals) = postSolution
		SolutionGuid = {33E3D3D4-C30A-4318-978E-863BBFAD4418}
	EndGlobalSection
EndGlobal
